// !$*UTF8*$!
{
	archiveVersion = 1;
	classes = {
	};
	objectVersion = 52;
	objects = {

/* Begin PBXBuildFile section */
		2EAEE113FF8D1F0CF91485F1 /* CompressionHelper.swift in Sources */ = {isa = PBXBuildFile; fileRef = 2EAEE35ACA7C4D8977E66420 /* CompressionHelper.swift */; };
		2EAEE138CCE02FC00483B2E7 /* UpdateStruct.swift in Sources */ = {isa = PBXBuildFile; fileRef = 2EAEEA0713233C244E8AB383 /* UpdateStruct.swift */; };
		2EAEE16123FD5FC556CD1DFC /* SoftwareUpdateViewController.swift in Sources */ = {isa = PBXBuildFile; fileRef = 2EAEECDDCA322350B1497585 /* SoftwareUpdateViewController.swift */; };
		2EAEE219E5D7D101E272E53A /* PreferencesManager.swift in Sources */ = {isa = PBXBuildFile; fileRef = 2EAEEE327A491386A20EC729 /* PreferencesManager.swift */; };
		2EAEE232C464EF7328584EA2 /* AccountType.swift in Sources */ = {isa = PBXBuildFile; fileRef = 2EAEEF14220907E804086BB9 /* AccountType.swift */; };
		2EAEE523C0FEEE575C1182E2 /* JNIStorage.m in Sources */ = {isa = PBXBuildFile; fileRef = 2EAEEA17DEA39220A4C6B4F2 /* JNIStorage.m */; };
		2EAEE55F794F5BA615333AEF /* UpdateErrorCode.swift in Sources */ = {isa = PBXBuildFile; fileRef = 2EAEE6899BEF8166AF312E24 /* UpdateErrorCode.swift */; };
		2EAEE5D81D6451CA6DCA3361 /* JNIUpdate.m in Sources */ = {isa = PBXBuildFile; fileRef = 2EAEE0A15D515D80070BB923 /* JNIUpdate.m */; };
		2EAEE6E8BF8CBE545789C1EF /* CryptoHelper.swift in Sources */ = {isa = PBXBuildFile; fileRef = 2EAEE803221D8E5C3BD8D507 /* CryptoHelper.swift */; };
		2EAEE84D6A21D1570484C26A /* ServerState.swift in Sources */ = {isa = PBXBuildFile; fileRef = 2EAEEBFCA1ECBFD06B75BC96 /* ServerState.swift */; };
		2EAEE857EA06ACA138B985C2 /* MessageTypes.swift in Sources */ = {isa = PBXBuildFile; fileRef = 2EAEE54358769BD24B8AA900 /* MessageTypes.swift */; };
		2EAEE9735E50EBB20C7CB5F7 /* JNIPreferences.m in Sources */ = {isa = PBXBuildFile; fileRef = 2EAEE04E2200019FF3869C09 /* JNIPreferences.m */; };
		2EAEEA2DB0FC6E785D07FD92 /* ZLIBInterop.c in Sources */ = {isa = PBXBuildFile; fileRef = 2EAEEC5A629C72B10960E8CD /* ZLIBInterop.c */; };
		2EAEEADDBFC2E5105676FC59 /* UpdateHelper.swift in Sources */ = {isa = PBXBuildFile; fileRef = 2EAEEF4C32417D436F7ADC16 /* UpdateHelper.swift */; };
		2EAEEB68DD2F52A48268E94A /* SQL in Resources */ = {isa = PBXBuildFile; fileRef = 2EAEE027B256CC2BFB3C76CC /* SQL */; };
		2EAEEC031BCB343B9FE97C4C /* JNIUserInterface.m in Sources */ = {isa = PBXBuildFile; fileRef = 2EAEEA66BAF7478948C57650 /* JNIUserInterface.m */; };
		2EAEECB041864D4AB6212611 /* DatabaseTimeConverter.swift in Sources */ = {isa = PBXBuildFile; fileRef = 2EAEEB9731EC0559ADB1DC43 /* DatabaseTimeConverter.swift */; };
		2EAEED0E7DB2A749AD885B21 /* JNIEnvironment.m in Sources */ = {isa = PBXBuildFile; fileRef = 2EAEEFFC5579BD216FC7CF68 /* JNIEnvironment.m */; };
		2EAEEE9E15E91097BC939BF0 /* DatabaseManager.swift in Sources */ = {isa = PBXBuildFile; fileRef = 2EAEE1798DD4556D5CC8247C /* DatabaseManager.swift */; };
		2EAEEEF57714B69D56E8415A /* DatabaseConverter.swift in Sources */ = {isa = PBXBuildFile; fileRef = 2EAEE5AB48D97DEE4DD37D94 /* DatabaseConverter.swift */; };
		2EAEEF53337EE0F4840300E2 /* SoftwareUpdateProgressViewController.swift in Sources */ = {isa = PBXBuildFile; fileRef = 2EAEEDAC65D9FE81E6C8197F /* SoftwareUpdateProgressViewController.swift */; };
		ED15912326AC5484008F5304 /* LogManager.swift in Sources */ = {isa = PBXBuildFile; fileRef = ED15912226AC5484008F5304 /* LogManager.swift */; };
		ED15912526AC76C2008F5304 /* MessageManager.swift in Sources */ = {isa = PBXBuildFile; fileRef = ED15912426AC76C2008F5304 /* MessageManager.swift */; };
		ED1B06542690EBE9006D34DF /* PreferencesViewController.swift in Sources */ = {isa = PBXBuildFile; fileRef = ED1B06532690EBE9006D34DF /* PreferencesViewController.swift */; };
		ED1E5684269A50360019CCD5 /* DraggableAppView.swift in Sources */ = {isa = PBXBuildFile; fileRef = ED1E5683269A50360019CCD5 /* DraggableAppView.swift */; };
		ED1E5687269B14290019CCD5 /* FullDiskAccessViewController.swift in Sources */ = {isa = PBXBuildFile; fileRef = ED1E5686269B14290019CCD5 /* FullDiskAccessViewController.swift */; };
		ED1E5689269B1C7B0019CCD5 /* AutomationAccessViewController.swift in Sources */ = {isa = PBXBuildFile; fileRef = ED1E5688269B1C7B0019CCD5 /* AutomationAccessViewController.swift */; };
		ED267859269132ED001EFCB7 /* JVM.m in Sources */ = {isa = PBXBuildFile; fileRef = ED267858269132ED001EFCB7 /* JVM.m */; };
		ED28095525A20332009E7636 /* AppDelegate.swift in Sources */ = {isa = PBXBuildFile; fileRef = ED28095425A20332009E7636 /* AppDelegate.swift */; };
		ED28095725A20332009E7636 /* OnboardingViewController.swift in Sources */ = {isa = PBXBuildFile; fileRef = ED28095625A20332009E7636 /* OnboardingViewController.swift */; };
		ED28095925A20333009E7636 /* Assets.xcassets in Resources */ = {isa = PBXBuildFile; fileRef = ED28095825A20333009E7636 /* Assets.xcassets */; };
		ED28095C25A20333009E7636 /* Main.storyboard in Resources */ = {isa = PBXBuildFile; fileRef = ED28095A25A20333009E7636 /* Main.storyboard */; };
		ED42B4BD26AC7C9800409B24 /* JNIMessage.m in Sources */ = {isa = PBXBuildFile; fileRef = ED42B4BC26AC7C9800409B24 /* JNIMessage.m */; };
		ED42B4BF26AC921D00409B24 /* JVMHelper.m in Sources */ = {isa = PBXBuildFile; fileRef = ED42B4BE26AC921D00409B24 /* JVMHelper.m */; };
		ED440E0D269FAC6E00BFBEE5 /* ServerStateRecovery.swift in Sources */ = {isa = PBXBuildFile; fileRef = ED440E0C269FAC6E00BFBEE5 /* ServerStateRecovery.swift */; };
		ED440E0E269FB51F00BFBEE5 /* Localizable.stringsdict in Resources */ = {isa = PBXBuildFile; fileRef = ED440E10269FB51F00BFBEE5 /* Localizable.stringsdict */; };
		ED44738726A387DD006F5F0E /* KeychainManager.swift in Sources */ = {isa = PBXBuildFile; fileRef = ED44738626A387DD006F5F0E /* KeychainManager.swift */; };
		ED44738926A459CA006F5F0E /* FirebaseAuthHelper.swift in Sources */ = {isa = PBXBuildFile; fileRef = ED44738826A459CA006F5F0E /* FirebaseAuthHelper.swift */; };
		ED44738B26A46B68006F5F0E /* DispatchHelper.swift in Sources */ = {isa = PBXBuildFile; fileRef = ED44738A26A46B68006F5F0E /* DispatchHelper.swift */; };
		ED86F6DD26A23A9D00BCD826 /* SystemHelper.swift in Sources */ = {isa = PBXBuildFile; fileRef = ED86F6DC26A23A9D00BCD826 /* SystemHelper.swift */; };
		ED891A3225A2FF08002230EB /* PasswordEntryViewController.swift in Sources */ = {isa = PBXBuildFile; fileRef = ED891A3125A2FF08002230EB /* PasswordEntryViewController.swift */; };
		ED891A3825A30701002230EB /* Localizable.strings in Resources */ = {isa = PBXBuildFile; fileRef = ED891A3A25A30701002230EB /* Localizable.strings */; };
		ED891A4825A30BC6002230EB /* PasswordGrade.swift in Sources */ = {isa = PBXBuildFile; fileRef = ED891A4725A30BC6002230EB /* PasswordGrade.swift */; };
		ED98B3EF2711D8300029DD09 /* Ink in Frameworks */ = {isa = PBXBuildFile; productRef = ED98B3EE2711D8300029DD09 /* Ink */; };
		ED98B3F22711D84E0029DD09 /* Zip in Frameworks */ = {isa = PBXBuildFile; productRef = ED98B3F12711D84E0029DD09 /* Zip */; };
		EDADEB1926A0E3D9001DA84A /* StorageManager.swift in Sources */ = {isa = PBXBuildFile; fileRef = EDADEB1826A0E3D9001DA84A /* StorageManager.swift */; };
		EDB04DBE273DDFDA00673AE4 /* SQLite in Frameworks */ = {isa = PBXBuildFile; productRef = EDB04DBD273DDFDA00673AE4 /* SQLite */; };
		EDC02BFA2697CA8D003FA87E /* JNIControl.m in Sources */ = {isa = PBXBuildFile; fileRef = EDC02BF92697CA8D003FA87E /* JNIControl.m */; };
		EDC2430526ACD235006444FF /* JNILogging.m in Sources */ = {isa = PBXBuildFile; fileRef = EDC2430426ACD235006444FF /* JNILogging.m */; };
		EDC822962697B781007A8DF9 /* build in Resources */ = {isa = PBXBuildFile; fileRef = EDC8228B2697B769007A8DF9 /* build */; };
		EDCAA234269CFE6B00327BCD /* airmessage-libs in Copy Java Resources */ = {isa = PBXBuildFile; fileRef = EDCAA231269CFE5900327BCD /* airmessage-libs */; };
		EDCAA235269CFF3300327BCD /* java-runtime in Resources */ = {isa = PBXBuildFile; fileRef = EDCAA232269CFE5E00327BCD /* java-runtime */; };
		EDD1514925A3232B00117C0D /* AccountConnectViewController.swift in Sources */ = {isa = PBXBuildFile; fileRef = EDD1514825A3232B00117C0D /* AccountConnectViewController.swift */; };
		EDD5E49D269F9957005EB8EE /* NotificationNames.swift in Sources */ = {isa = PBXBuildFile; fileRef = EDD5E49C269F9957005EB8EE /* NotificationNames.swift */; };
		EDD70D672699F00900E8DC06 /* AppleScriptSource in Resources */ = {isa = PBXBuildFile; fileRef = EDD70D662699F00300E8DC06 /* AppleScriptSource */; };
		EDD70D6A2699F1BC00E8DC06 /* AppleScriptBridge.swift in Sources */ = {isa = PBXBuildFile; fileRef = EDD70D692699F1BC00E8DC06 /* AppleScriptBridge.swift */; };
		EDD70D6C2699F56E00E8DC06 /* ServerLaunch.swift in Sources */ = {isa = PBXBuildFile; fileRef = EDD70D6B2699F56E00E8DC06 /* ServerLaunch.swift */; };
		EDDE47312688C2890029628B /* Swifter in Frameworks */ = {isa = PBXBuildFile; productRef = EDDE47302688C2890029628B /* Swifter */; };
		EDE4F2AC26B5C3D50017D684 /* ClientListViewController.swift in Sources */ = {isa = PBXBuildFile; fileRef = EDE4F2AB26B5C3D50017D684 /* ClientListViewController.swift */; };
		EDE4F2AE26B6B4E90017D684 /* ClientTableCellView.swift in Sources */ = {isa = PBXBuildFile; fileRef = EDE4F2AD26B6B4E90017D684 /* ClientTableCellView.swift */; };
		EDE4F2B026B6C1590017D684 /* ClientRegistration.swift in Sources */ = {isa = PBXBuildFile; fileRef = EDE4F2AF26B6C1590017D684 /* ClientRegistration.swift */; };
		EDE672FB27137F8600AD6F52 /* SoftwareUpdate.sh in Resources */ = {isa = PBXBuildFile; fileRef = EDE672FA2713755600AD6F52 /* SoftwareUpdate.sh */; };
/* End PBXBuildFile section */

/* Begin PBXCopyFilesBuildPhase section */
		ED1E5693269B99A90019CCD5 /* Copy Java Resources */ = {
			isa = PBXCopyFilesBuildPhase;
			buildActionMask = 2147483647;
			dstPath = "";
			dstSubfolderSpec = 15;
			files = (
				EDCAA234269CFE6B00327BCD /* airmessage-libs in Copy Java Resources */,
			);
			name = "Copy Java Resources";
			runOnlyForDeploymentPostprocessing = 0;
		};
/* End PBXCopyFilesBuildPhase section */

/* Begin PBXFileReference section */
		2EAEE027B256CC2BFB3C76CC /* SQL */ = {isa = PBXFileReference; lastKnownFileType = folder; path = SQL; sourceTree = "<group>"; };
		2EAEE04E2200019FF3869C09 /* JNIPreferences.m */ = {isa = PBXFileReference; fileEncoding = 4; lastKnownFileType = sourcecode.c.objc; path = JNIPreferences.m; sourceTree = "<group>"; };
		2EAEE0A15D515D80070BB923 /* JNIUpdate.m */ = {isa = PBXFileReference; fileEncoding = 4; lastKnownFileType = sourcecode.c.objc; path = JNIUpdate.m; sourceTree = "<group>"; };
		2EAEE1798DD4556D5CC8247C /* DatabaseManager.swift */ = {isa = PBXFileReference; fileEncoding = 4; lastKnownFileType = sourcecode.swift; path = DatabaseManager.swift; sourceTree = "<group>"; };
		2EAEE2E16E83486BABD81E6D /* JVM.h */ = {isa = PBXFileReference; fileEncoding = 4; lastKnownFileType = sourcecode.c.h; path = JVM.h; sourceTree = "<group>"; };
		2EAEE35ACA7C4D8977E66420 /* CompressionHelper.swift */ = {isa = PBXFileReference; fileEncoding = 4; lastKnownFileType = sourcecode.swift; path = CompressionHelper.swift; sourceTree = "<group>"; };
		2EAEE54358769BD24B8AA900 /* MessageTypes.swift */ = {isa = PBXFileReference; fileEncoding = 4; lastKnownFileType = sourcecode.swift; path = MessageTypes.swift; sourceTree = "<group>"; };
		2EAEE5AB48D97DEE4DD37D94 /* DatabaseConverter.swift */ = {isa = PBXFileReference; fileEncoding = 4; lastKnownFileType = sourcecode.swift; path = DatabaseConverter.swift; sourceTree = "<group>"; };
		2EAEE6899BEF8166AF312E24 /* UpdateErrorCode.swift */ = {isa = PBXFileReference; fileEncoding = 4; lastKnownFileType = sourcecode.swift; path = UpdateErrorCode.swift; sourceTree = "<group>"; };
		2EAEE803221D8E5C3BD8D507 /* CryptoHelper.swift */ = {isa = PBXFileReference; fileEncoding = 4; lastKnownFileType = sourcecode.swift; path = CryptoHelper.swift; sourceTree = "<group>"; };
		2EAEE83BAD7327E559A33AFC /* JNIUpdate.h */ = {isa = PBXFileReference; fileEncoding = 4; lastKnownFileType = sourcecode.c.h; path = JNIUpdate.h; sourceTree = "<group>"; };
		2EAEEA0713233C244E8AB383 /* UpdateStruct.swift */ = {isa = PBXFileReference; fileEncoding = 4; lastKnownFileType = sourcecode.swift; path = UpdateStruct.swift; sourceTree = "<group>"; };
		2EAEEA1748CA3B61C90E2173 /* JNIStorage.h */ = {isa = PBXFileReference; fileEncoding = 4; lastKnownFileType = sourcecode.c.h; path = JNIStorage.h; sourceTree = "<group>"; };
		2EAEEA17DEA39220A4C6B4F2 /* JNIStorage.m */ = {isa = PBXFileReference; fileEncoding = 4; lastKnownFileType = sourcecode.c.objc; path = JNIStorage.m; sourceTree = "<group>"; };
		2EAEEA66BAF7478948C57650 /* JNIUserInterface.m */ = {isa = PBXFileReference; fileEncoding = 4; lastKnownFileType = sourcecode.c.objc; path = JNIUserInterface.m; sourceTree = "<group>"; };
		2EAEEB16BC5E920905A4F789 /* JNIPreferences.h */ = {isa = PBXFileReference; fileEncoding = 4; lastKnownFileType = sourcecode.c.h; path = JNIPreferences.h; sourceTree = "<group>"; };
		2EAEEB9731EC0559ADB1DC43 /* DatabaseTimeConverter.swift */ = {isa = PBXFileReference; fileEncoding = 4; lastKnownFileType = sourcecode.swift; path = DatabaseTimeConverter.swift; sourceTree = "<group>"; };
		2EAEEBFCA1ECBFD06B75BC96 /* ServerState.swift */ = {isa = PBXFileReference; fileEncoding = 4; lastKnownFileType = sourcecode.swift; path = ServerState.swift; sourceTree = "<group>"; };
		2EAEEC5A629C72B10960E8CD /* ZLIBInterop.c */ = {isa = PBXFileReference; fileEncoding = 4; lastKnownFileType = sourcecode.c.c; path = ZLIBInterop.c; sourceTree = "<group>"; };
		2EAEECDDCA322350B1497585 /* SoftwareUpdateViewController.swift */ = {isa = PBXFileReference; fileEncoding = 4; lastKnownFileType = sourcecode.swift; path = SoftwareUpdateViewController.swift; sourceTree = "<group>"; };
		2EAEED88784206F8146AEC97 /* JNIUserInterface.h */ = {isa = PBXFileReference; fileEncoding = 4; lastKnownFileType = sourcecode.c.h; path = JNIUserInterface.h; sourceTree = "<group>"; };
		2EAEEDAC65D9FE81E6C8197F /* SoftwareUpdateProgressViewController.swift */ = {isa = PBXFileReference; fileEncoding = 4; lastKnownFileType = sourcecode.swift; path = SoftwareUpdateProgressViewController.swift; sourceTree = "<group>"; };
		2EAEEE327A491386A20EC729 /* PreferencesManager.swift */ = {isa = PBXFileReference; fileEncoding = 4; lastKnownFileType = sourcecode.swift; path = PreferencesManager.swift; sourceTree = "<group>"; };
		2EAEEE533ACABFADD2316DAD /* JNIEnvironment.h */ = {isa = PBXFileReference; fileEncoding = 4; lastKnownFileType = sourcecode.c.h; path = JNIEnvironment.h; sourceTree = "<group>"; };
		2EAEEF14220907E804086BB9 /* AccountType.swift */ = {isa = PBXFileReference; fileEncoding = 4; lastKnownFileType = sourcecode.swift; path = AccountType.swift; sourceTree = "<group>"; };
		2EAEEF4C32417D436F7ADC16 /* UpdateHelper.swift */ = {isa = PBXFileReference; fileEncoding = 4; lastKnownFileType = sourcecode.swift; path = UpdateHelper.swift; sourceTree = "<group>"; };
		2EAEEFCCFADA8668E11BE62F /* ZLIBInterop.h */ = {isa = PBXFileReference; fileEncoding = 4; lastKnownFileType = sourcecode.c.h; path = ZLIBInterop.h; sourceTree = "<group>"; };
		2EAEEFFC5579BD216FC7CF68 /* JNIEnvironment.m */ = {isa = PBXFileReference; fileEncoding = 4; lastKnownFileType = sourcecode.c.objc; path = JNIEnvironment.m; sourceTree = "<group>"; };
		ED15912226AC5484008F5304 /* LogManager.swift */ = {isa = PBXFileReference; lastKnownFileType = sourcecode.swift; path = LogManager.swift; sourceTree = "<group>"; };
		ED15912426AC76C2008F5304 /* MessageManager.swift */ = {isa = PBXFileReference; lastKnownFileType = sourcecode.swift; path = MessageManager.swift; sourceTree = "<group>"; };
		ED1B06532690EBE9006D34DF /* PreferencesViewController.swift */ = {isa = PBXFileReference; lastKnownFileType = sourcecode.swift; path = PreferencesViewController.swift; sourceTree = "<group>"; };
		ED1E5683269A50360019CCD5 /* DraggableAppView.swift */ = {isa = PBXFileReference; lastKnownFileType = sourcecode.swift; path = DraggableAppView.swift; sourceTree = "<group>"; };
		ED1E5686269B14290019CCD5 /* FullDiskAccessViewController.swift */ = {isa = PBXFileReference; lastKnownFileType = sourcecode.swift; path = FullDiskAccessViewController.swift; sourceTree = "<group>"; };
		ED1E5688269B1C7B0019CCD5 /* AutomationAccessViewController.swift */ = {isa = PBXFileReference; lastKnownFileType = sourcecode.swift; path = AutomationAccessViewController.swift; sourceTree = "<group>"; };
		ED267858269132ED001EFCB7 /* JVM.m */ = {isa = PBXFileReference; lastKnownFileType = sourcecode.c.objc; path = JVM.m; sourceTree = "<group>"; };
		ED28095125A20332009E7636 /* AirMessage.app */ = {isa = PBXFileReference; explicitFileType = wrapper.application; includeInIndex = 0; path = AirMessage.app; sourceTree = BUILT_PRODUCTS_DIR; };
		ED28095425A20332009E7636 /* AppDelegate.swift */ = {isa = PBXFileReference; lastKnownFileType = sourcecode.swift; path = AppDelegate.swift; sourceTree = "<group>"; };
		ED28095625A20332009E7636 /* OnboardingViewController.swift */ = {isa = PBXFileReference; lastKnownFileType = sourcecode.swift; path = OnboardingViewController.swift; sourceTree = "<group>"; };
		ED28095825A20333009E7636 /* Assets.xcassets */ = {isa = PBXFileReference; lastKnownFileType = folder.assetcatalog; path = Assets.xcassets; sourceTree = "<group>"; };
		ED28095B25A20333009E7636 /* Base */ = {isa = PBXFileReference; lastKnownFileType = file.storyboard; name = Base; path = Base.lproj/Main.storyboard; sourceTree = "<group>"; };
		ED28095D25A20333009E7636 /* Info.plist */ = {isa = PBXFileReference; lastKnownFileType = text.plist.xml; path = Info.plist; sourceTree = "<group>"; };
		ED28095E25A20333009E7636 /* AirMessage.entitlements */ = {isa = PBXFileReference; lastKnownFileType = text.plist.entitlements; path = AirMessage.entitlements; sourceTree = "<group>"; };
		ED42B4BB26AC7C8B00409B24 /* JNIMessage.h */ = {isa = PBXFileReference; lastKnownFileType = sourcecode.c.h; path = JNIMessage.h; sourceTree = "<group>"; };
		ED42B4BC26AC7C9800409B24 /* JNIMessage.m */ = {isa = PBXFileReference; lastKnownFileType = sourcecode.c.objc; path = JNIMessage.m; sourceTree = "<group>"; };
		ED42B4BE26AC921D00409B24 /* JVMHelper.m */ = {isa = PBXFileReference; lastKnownFileType = sourcecode.c.objc; path = JVMHelper.m; sourceTree = "<group>"; };
		ED42B4C026AC923A00409B24 /* JVMHelper.h */ = {isa = PBXFileReference; lastKnownFileType = sourcecode.c.h; path = JVMHelper.h; sourceTree = "<group>"; };
		ED440E0C269FAC6E00BFBEE5 /* ServerStateRecovery.swift */ = {isa = PBXFileReference; lastKnownFileType = sourcecode.swift; path = ServerStateRecovery.swift; sourceTree = "<group>"; };
		ED440E0F269FB51F00BFBEE5 /* en */ = {isa = PBXFileReference; lastKnownFileType = text.plist.stringsdict; name = en; path = en.lproj/Localizable.stringsdict; sourceTree = "<group>"; };
		ED44738626A387DD006F5F0E /* KeychainManager.swift */ = {isa = PBXFileReference; lastKnownFileType = sourcecode.swift; path = KeychainManager.swift; sourceTree = "<group>"; };
		ED44738826A459CA006F5F0E /* FirebaseAuthHelper.swift */ = {isa = PBXFileReference; lastKnownFileType = sourcecode.swift; path = FirebaseAuthHelper.swift; sourceTree = "<group>"; };
		ED44738A26A46B68006F5F0E /* DispatchHelper.swift */ = {isa = PBXFileReference; lastKnownFileType = sourcecode.swift; path = DispatchHelper.swift; sourceTree = "<group>"; };
		ED44738C26A46F86006F5F0E /* Secrets.xcconfig */ = {isa = PBXFileReference; lastKnownFileType = text.xcconfig; path = Secrets.xcconfig; sourceTree = "<group>"; };
		ED675FF026890AC100DB7B95 /* airmessage-server */ = {isa = PBXFileReference; lastKnownFileType = folder; path = "airmessage-server"; sourceTree = "<group>"; };
		ED675FF126890FBF00DB7B95 /* AirMessage-Bridging-Header.h */ = {isa = PBXFileReference; lastKnownFileType = sourcecode.c.h; path = "AirMessage-Bridging-Header.h"; sourceTree = "<group>"; };
		ED6CDD372689193000EEBE31 /* JavaNativeFoundation.framework */ = {isa = PBXFileReference; lastKnownFileType = wrapper.framework; name = JavaNativeFoundation.framework; path = System/Library/Frameworks/JavaNativeFoundation.framework; sourceTree = SDKROOT; };
		ED86F6DC26A23A9D00BCD826 /* SystemHelper.swift */ = {isa = PBXFileReference; lastKnownFileType = sourcecode.swift; path = SystemHelper.swift; sourceTree = "<group>"; };
		ED891A3125A2FF08002230EB /* PasswordEntryViewController.swift */ = {isa = PBXFileReference; lastKnownFileType = sourcecode.swift; path = PasswordEntryViewController.swift; sourceTree = "<group>"; };
		ED891A3925A30701002230EB /* en */ = {isa = PBXFileReference; lastKnownFileType = text.plist.strings; name = en; path = en.lproj/Localizable.strings; sourceTree = "<group>"; };
		ED891A3C25A30749002230EB /* fr */ = {isa = PBXFileReference; lastKnownFileType = text.plist.strings; name = fr; path = fr.lproj/Localizable.strings; sourceTree = "<group>"; };
		ED891A3E25A30754002230EB /* ja */ = {isa = PBXFileReference; lastKnownFileType = text.plist.strings; name = ja; path = ja.lproj/Localizable.strings; sourceTree = "<group>"; };
		ED891A4025A3089D002230EB /* fr */ = {isa = PBXFileReference; lastKnownFileType = text.plist.strings; name = fr; path = fr.lproj/Main.strings; sourceTree = "<group>"; };
		ED891A4225A308C6002230EB /* ja */ = {isa = PBXFileReference; lastKnownFileType = text.plist.strings; name = ja; path = ja.lproj/Main.strings; sourceTree = "<group>"; };
		ED891A4725A30BC6002230EB /* PasswordGrade.swift */ = {isa = PBXFileReference; lastKnownFileType = sourcecode.swift; path = PasswordGrade.swift; sourceTree = "<group>"; };
		EDADEB1826A0E3D9001DA84A /* StorageManager.swift */ = {isa = PBXFileReference; lastKnownFileType = sourcecode.swift; path = StorageManager.swift; sourceTree = "<group>"; };
		EDC02BF92697CA8D003FA87E /* JNIControl.m */ = {isa = PBXFileReference; lastKnownFileType = sourcecode.c.objc; path = JNIControl.m; sourceTree = "<group>"; };
		EDC02BFB2697CAAF003FA87E /* JNIControl.h */ = {isa = PBXFileReference; lastKnownFileType = sourcecode.c.h; path = JNIControl.h; sourceTree = "<group>"; };
		EDC2430326ACD22C006444FF /* JNILogging.h */ = {isa = PBXFileReference; lastKnownFileType = sourcecode.c.h; path = JNILogging.h; sourceTree = "<group>"; };
		EDC2430426ACD235006444FF /* JNILogging.m */ = {isa = PBXFileReference; lastKnownFileType = sourcecode.c.objc; path = JNILogging.m; sourceTree = "<group>"; };
		EDC8228B2697B769007A8DF9 /* build */ = {isa = PBXFileReference; lastKnownFileType = folder; path = build; sourceTree = "<group>"; };
		EDC8228C2697B769007A8DF9 /* package.json */ = {isa = PBXFileReference; lastKnownFileType = text.json; path = package.json; sourceTree = "<group>"; };
		EDC8228D2697B769007A8DF9 /* index.html */ = {isa = PBXFileReference; lastKnownFileType = text.html; path = index.html; sourceTree = "<group>"; };
		EDC8228E2697B769007A8DF9 /* index.js */ = {isa = PBXFileReference; lastKnownFileType = sourcecode.javascript; path = index.js; sourceTree = "<group>"; };
		EDC8228F2697B769007A8DF9 /* secrets.js */ = {isa = PBXFileReference; lastKnownFileType = sourcecode.javascript; path = secrets.js; sourceTree = "<group>"; };
		EDC822902697B769007A8DF9 /* banner.png */ = {isa = PBXFileReference; lastKnownFileType = image.png; path = banner.png; sourceTree = "<group>"; };
		EDC822912697B769007A8DF9 /* index.css */ = {isa = PBXFileReference; lastKnownFileType = text.css; path = index.css; sourceTree = "<group>"; };
		EDC822922697B769007A8DF9 /* webpack.config.js */ = {isa = PBXFileReference; lastKnownFileType = sourcecode.javascript; path = webpack.config.js; sourceTree = "<group>"; };
		EDC822932697B769007A8DF9 /* .gitignore */ = {isa = PBXFileReference; lastKnownFileType = text; path = .gitignore; sourceTree = "<group>"; };
		EDC822942697B769007A8DF9 /* secrets.default.js */ = {isa = PBXFileReference; lastKnownFileType = sourcecode.javascript; path = secrets.default.js; sourceTree = "<group>"; };
		EDC822952697B769007A8DF9 /* package-lock.json */ = {isa = PBXFileReference; lastKnownFileType = text.json; path = "package-lock.json"; sourceTree = "<group>"; };
		EDCAA231269CFE5900327BCD /* airmessage-libs */ = {isa = PBXFileReference; lastKnownFileType = folder; path = "airmessage-libs"; sourceTree = "<group>"; };
		EDCAA232269CFE5E00327BCD /* java-runtime */ = {isa = PBXFileReference; lastKnownFileType = folder; path = "java-runtime"; sourceTree = "<group>"; };
		EDD1514825A3232B00117C0D /* AccountConnectViewController.swift */ = {isa = PBXFileReference; lastKnownFileType = sourcecode.swift; path = AccountConnectViewController.swift; sourceTree = "<group>"; };
		EDD5E49C269F9957005EB8EE /* NotificationNames.swift */ = {isa = PBXFileReference; lastKnownFileType = sourcecode.swift; path = NotificationNames.swift; sourceTree = "<group>"; };
		EDD70D662699F00300E8DC06 /* AppleScriptSource */ = {isa = PBXFileReference; lastKnownFileType = folder; path = AppleScriptSource; sourceTree = "<group>"; };
		EDD70D692699F1BC00E8DC06 /* AppleScriptBridge.swift */ = {isa = PBXFileReference; lastKnownFileType = sourcecode.swift; path = AppleScriptBridge.swift; sourceTree = "<group>"; };
		EDD70D6B2699F56E00E8DC06 /* ServerLaunch.swift */ = {isa = PBXFileReference; lastKnownFileType = sourcecode.swift; path = ServerLaunch.swift; sourceTree = "<group>"; };
		EDE4F2AB26B5C3D50017D684 /* ClientListViewController.swift */ = {isa = PBXFileReference; lastKnownFileType = sourcecode.swift; path = ClientListViewController.swift; sourceTree = "<group>"; };
		EDE4F2AD26B6B4E90017D684 /* ClientTableCellView.swift */ = {isa = PBXFileReference; lastKnownFileType = sourcecode.swift; path = ClientTableCellView.swift; sourceTree = "<group>"; };
		EDE4F2AF26B6C1590017D684 /* ClientRegistration.swift */ = {isa = PBXFileReference; lastKnownFileType = sourcecode.swift; path = ClientRegistration.swift; sourceTree = "<group>"; };
		EDE672FA2713755600AD6F52 /* SoftwareUpdate.sh */ = {isa = PBXFileReference; lastKnownFileType = text.script.sh; path = SoftwareUpdate.sh; sourceTree = "<group>"; };
/* End PBXFileReference section */

/* Begin PBXFrameworksBuildPhase section */
		ED28094E25A20332009E7636 /* Frameworks */ = {
			isa = PBXFrameworksBuildPhase;
			buildActionMask = 2147483647;
			files = (
				EDB04DBE273DDFDA00673AE4 /* SQLite in Frameworks */,
				ED98B3F22711D84E0029DD09 /* Zip in Frameworks */,
				EDDE47312688C2890029628B /* Swifter in Frameworks */,
				ED98B3EF2711D8300029DD09 /* Ink in Frameworks */,
			);
			runOnlyForDeploymentPostprocessing = 0;
		};
/* End PBXFrameworksBuildPhase section */

/* Begin PBXGroup section */
		2EAEE23A4A1E052C316DCD4B /* Data */ = {
			isa = PBXGroup;
			children = (
				EDE4F2AF26B6C1590017D684 /* ClientRegistration.swift */,
				2EAEEA0713233C244E8AB383 /* UpdateStruct.swift */,
				2EAEE6899BEF8166AF312E24 /* UpdateErrorCode.swift */,
				2EAEE54358769BD24B8AA900 /* MessageTypes.swift */,
			);
			path = Data;
			sourceTree = "<group>";
		};
		2EAEE3167E3DBE938105D49D /* Library */ = {
			isa = PBXGroup;
			children = (
				2EAEEFCCFADA8668E11BE62F /* ZLIBInterop.h */,
				2EAEEC5A629C72B10960E8CD /* ZLIBInterop.c */,
			);
			path = Library;
			sourceTree = "<group>";
		};
		2EAEE649853E94A70D112B63 /* Constants */ = {
			isa = PBXGroup;
			children = (
				2EAEEF14220907E804086BB9 /* AccountType.swift */,
				EDD5E49C269F9957005EB8EE /* NotificationNames.swift */,
				2EAEEBFCA1ECBFD06B75BC96 /* ServerState.swift */,
				ED440E0C269FAC6E00BFBEE5 /* ServerStateRecovery.swift */,
			);
			path = Constants;
			sourceTree = "<group>";
		};
		2EAEEA876A2182E9E2F80FC7 /* Database */ = {
			isa = PBXGroup;
			children = (
				2EAEE1798DD4556D5CC8247C /* DatabaseManager.swift */,
				2EAEE027B256CC2BFB3C76CC /* SQL */,
				2EAEEB9731EC0559ADB1DC43 /* DatabaseTimeConverter.swift */,
				2EAEE5AB48D97DEE4DD37D94 /* DatabaseConverter.swift */,
			);
			path = Database;
			sourceTree = "<group>";
		};
		ED1E5685269A52E50019CCD5 /* Views */ = {
			isa = PBXGroup;
			children = (
				ED1E5683269A50360019CCD5 /* DraggableAppView.swift */,
				EDE4F2AD26B6B4E90017D684 /* ClientTableCellView.swift */,
			);
			path = Views;
			sourceTree = "<group>";
		};
		ED28094825A20332009E7636 = {
			isa = PBXGroup;
			children = (
				ED28095325A20332009E7636 /* AirMessage */,
				ED6CDD362689193000EEBE31 /* Frameworks */,
				ED28095225A20332009E7636 /* Products */,
			);
			sourceTree = "<group>";
		};
		ED28095225A20332009E7636 /* Products */ = {
			isa = PBXGroup;
			children = (
				ED28095125A20332009E7636 /* AirMessage.app */,
			);
			name = Products;
			sourceTree = "<group>";
		};
		ED28095325A20332009E7636 /* AirMessage */ = {
			isa = PBXGroup;
			children = (
				ED28095E25A20333009E7636 /* AirMessage.entitlements */,
				ED675FF126890FBF00DB7B95 /* AirMessage-Bridging-Header.h */,
				ED28095D25A20333009E7636 /* Info.plist */,
				ED28095425A20332009E7636 /* AppDelegate.swift */,
				ED28095825A20333009E7636 /* Assets.xcassets */,
				EDD70D682699F1AE00E8DC06 /* AppleScript */,
				EDC8228A2697B75A007A8DF9 /* AuthSite */,
				2EAEE649853E94A70D112B63 /* Constants */,
				ED891A4425A30B77002230EB /* Controllers */,
				ED891A4625A30BAE002230EB /* Helper */,
				ED67D1182689096300DB7B95 /* JavaBridge */,
				ED891A3A25A30701002230EB /* Localizable.strings */,
				ED440E10269FB51F00BFBEE5 /* Localizable.stringsdict */,
				ED28095A25A20333009E7636 /* Main.storyboard */,
				ED1E5685269A52E50019CCD5 /* Views */,
				ED44738C26A46F86006F5F0E /* Secrets.xcconfig */,
				2EAEE23A4A1E052C316DCD4B /* Data */,
				EDE672FA2713755600AD6F52 /* SoftwareUpdate.sh */,
				2EAEEA876A2182E9E2F80FC7 /* Database */,
				2EAEE3167E3DBE938105D49D /* Library */,
			);
			path = AirMessage;
			sourceTree = "<group>";
		};
		ED67D1182689096300DB7B95 /* JavaBridge */ = {
			isa = PBXGroup;
			children = (
				EDCAA231269CFE5900327BCD /* airmessage-libs */,
				ED675FF026890AC100DB7B95 /* airmessage-server */,
				EDCAA232269CFE5E00327BCD /* java-runtime */,
				EDC02BFB2697CAAF003FA87E /* JNIControl.h */,
				EDC02BF92697CA8D003FA87E /* JNIControl.m */,
				2EAEEB16BC5E920905A4F789 /* JNIPreferences.h */,
				2EAEE04E2200019FF3869C09 /* JNIPreferences.m */,
				2EAEEA1748CA3B61C90E2173 /* JNIStorage.h */,
				2EAEEA17DEA39220A4C6B4F2 /* JNIStorage.m */,
				2EAEED88784206F8146AEC97 /* JNIUserInterface.h */,
				2EAEEA66BAF7478948C57650 /* JNIUserInterface.m */,
				2EAEE2E16E83486BABD81E6D /* JVM.h */,
				ED267858269132ED001EFCB7 /* JVM.m */,
				ED42B4BB26AC7C8B00409B24 /* JNIMessage.h */,
				ED42B4BC26AC7C9800409B24 /* JNIMessage.m */,
				ED42B4BE26AC921D00409B24 /* JVMHelper.m */,
				ED42B4C026AC923A00409B24 /* JVMHelper.h */,
				EDC2430326ACD22C006444FF /* JNILogging.h */,
				EDC2430426ACD235006444FF /* JNILogging.m */,
				2EAEEFFC5579BD216FC7CF68 /* JNIEnvironment.m */,
				2EAEEE533ACABFADD2316DAD /* JNIEnvironment.h */,
				2EAEE0A15D515D80070BB923 /* JNIUpdate.m */,
				2EAEE83BAD7327E559A33AFC /* JNIUpdate.h */,
			);
			path = JavaBridge;
			sourceTree = "<group>";
		};
		ED6CDD362689193000EEBE31 /* Frameworks */ = {
			isa = PBXGroup;
			children = (
				ED6CDD372689193000EEBE31 /* JavaNativeFoundation.framework */,
			);
			name = Frameworks;
			sourceTree = "<group>";
		};
		ED891A4425A30B77002230EB /* Controllers */ = {
			isa = PBXGroup;
			children = (
				EDD1514825A3232B00117C0D /* AccountConnectViewController.swift */,
				ED1E5688269B1C7B0019CCD5 /* AutomationAccessViewController.swift */,
				ED1E5686269B14290019CCD5 /* FullDiskAccessViewController.swift */,
				ED28095625A20332009E7636 /* OnboardingViewController.swift */,
				ED891A3125A2FF08002230EB /* PasswordEntryViewController.swift */,
				ED1B06532690EBE9006D34DF /* PreferencesViewController.swift */,
				EDE4F2AB26B5C3D50017D684 /* ClientListViewController.swift */,
				2EAEECDDCA322350B1497585 /* SoftwareUpdateViewController.swift */,
				2EAEEDAC65D9FE81E6C8197F /* SoftwareUpdateProgressViewController.swift */,
			);
			path = Controllers;
			sourceTree = "<group>";
		};
		ED891A4625A30BAE002230EB /* Helper */ = {
			isa = PBXGroup;
			children = (
				ED44738A26A46B68006F5F0E /* DispatchHelper.swift */,
				ED44738826A459CA006F5F0E /* FirebaseAuthHelper.swift */,
				ED44738626A387DD006F5F0E /* KeychainManager.swift */,
				ED15912226AC5484008F5304 /* LogManager.swift */,
				ED15912426AC76C2008F5304 /* MessageManager.swift */,
				ED891A4725A30BC6002230EB /* PasswordGrade.swift */,
				2EAEEE327A491386A20EC729 /* PreferencesManager.swift */,
				EDD70D6B2699F56E00E8DC06 /* ServerLaunch.swift */,
				EDADEB1826A0E3D9001DA84A /* StorageManager.swift */,
				ED86F6DC26A23A9D00BCD826 /* SystemHelper.swift */,
				2EAEEF4C32417D436F7ADC16 /* UpdateHelper.swift */,
				2EAEE803221D8E5C3BD8D507 /* CryptoHelper.swift */,
				2EAEE35ACA7C4D8977E66420 /* CompressionHelper.swift */,
			);
			path = Helper;
			sourceTree = "<group>";
		};
		EDC8228A2697B75A007A8DF9 /* AuthSite */ = {
			isa = PBXGroup;
			children = (
				EDC822932697B769007A8DF9 /* .gitignore */,
				EDC822902697B769007A8DF9 /* banner.png */,
				EDC8228B2697B769007A8DF9 /* build */,
				EDC822912697B769007A8DF9 /* index.css */,
				EDC8228D2697B769007A8DF9 /* index.html */,
				EDC8228E2697B769007A8DF9 /* index.js */,
				EDC822952697B769007A8DF9 /* package-lock.json */,
				EDC8228C2697B769007A8DF9 /* package.json */,
				EDC822942697B769007A8DF9 /* secrets.default.js */,
				EDC8228F2697B769007A8DF9 /* secrets.js */,
				EDC822922697B769007A8DF9 /* webpack.config.js */,
			);
			path = AuthSite;
			sourceTree = "<group>";
		};
		EDD70D682699F1AE00E8DC06 /* AppleScript */ = {
			isa = PBXGroup;
			children = (
				EDD70D692699F1BC00E8DC06 /* AppleScriptBridge.swift */,
				EDD70D662699F00300E8DC06 /* AppleScriptSource */,
			);
			path = AppleScript;
			sourceTree = "<group>";
		};
/* End PBXGroup section */

/* Begin PBXNativeTarget section */
		ED28095025A20332009E7636 /* AirMessage */ = {
			isa = PBXNativeTarget;
			buildConfigurationList = ED28096125A20333009E7636 /* Build configuration list for PBXNativeTarget "AirMessage" */;
			buildPhases = (
				ED28094D25A20332009E7636 /* Sources */,
				ED28094E25A20332009E7636 /* Frameworks */,
				ED67A8972688D62C00DB7B95 /* Compile Webpack */,
				ED1E568A269B39530019CCD5 /* Compile Java */,
				ED1E5693269B99A90019CCD5 /* Copy Java Resources */,
				ED1E5695269B99F70019CCD5 /* Generate JVM */,
				ED28094F25A20332009E7636 /* Resources */,
			);
			buildRules = (
			);
			dependencies = (
			);
			name = AirMessage;
			packageProductDependencies = (
				EDDE47302688C2890029628B /* Swifter */,
				ED98B3EE2711D8300029DD09 /* Ink */,
				ED98B3F12711D84E0029DD09 /* Zip */,
				EDB04DBD273DDFDA00673AE4 /* SQLite */,
			);
			productName = AirMessage;
			productReference = ED28095125A20332009E7636 /* AirMessage.app */;
			productType = "com.apple.product-type.application";
		};
/* End PBXNativeTarget section */

/* Begin PBXProject section */
		ED28094925A20332009E7636 /* Project object */ = {
			isa = PBXProject;
			attributes = {
				LastSwiftUpdateCheck = 1230;
				LastUpgradeCheck = 1250;
				TargetAttributes = {
					ED28095025A20332009E7636 = {
						CreatedOnToolsVersion = 12.3;
						LastSwiftMigration = 1250;
					};
				};
			};
			buildConfigurationList = ED28094C25A20332009E7636 /* Build configuration list for PBXProject "AirMessage" */;
			compatibilityVersion = "Xcode 9.3";
			developmentRegion = en;
			hasScannedForEncodings = 0;
			knownRegions = (
				en,
				Base,
				fr,
				ja,
			);
			mainGroup = ED28094825A20332009E7636;
			packageReferences = (
				EDDE472F2688C2890029628B /* XCRemoteSwiftPackageReference "swifter" */,
				ED98B3ED2711D8300029DD09 /* XCRemoteSwiftPackageReference "ink" */,
				ED98B3F02711D84E0029DD09 /* XCRemoteSwiftPackageReference "Zip" */,
				EDB04DBC273DDFDA00673AE4 /* XCRemoteSwiftPackageReference "SQLite.swift" */,
			);
			productRefGroup = ED28095225A20332009E7636 /* Products */;
			projectDirPath = "";
			projectRoot = "";
			targets = (
				ED28095025A20332009E7636 /* AirMessage */,
			);
		};
/* End PBXProject section */

/* Begin PBXResourcesBuildPhase section */
		ED28094F25A20332009E7636 /* Resources */ = {
			isa = PBXResourcesBuildPhase;
			buildActionMask = 2147483647;
			files = (
				EDE672FB27137F8600AD6F52 /* SoftwareUpdate.sh in Resources */,
				EDD70D672699F00900E8DC06 /* AppleScriptSource in Resources */,
				ED28095925A20333009E7636 /* Assets.xcassets in Resources */,
				EDC822962697B781007A8DF9 /* build in Resources */,
				ED891A3825A30701002230EB /* Localizable.strings in Resources */,
				ED28095C25A20333009E7636 /* Main.storyboard in Resources */,
				EDCAA235269CFF3300327BCD /* java-runtime in Resources */,
				ED440E0E269FB51F00BFBEE5 /* Localizable.stringsdict in Resources */,
				2EAEEB68DD2F52A48268E94A /* SQL in Resources */,
			);
			runOnlyForDeploymentPostprocessing = 0;
		};
/* End PBXResourcesBuildPhase section */

/* Begin PBXShellScriptBuildPhase section */
		ED1E568A269B39530019CCD5 /* Compile Java */ = {
			isa = PBXShellScriptBuildPhase;
			buildActionMask = 2147483647;
			files = (
			);
			inputFileListPaths = (
			);
			inputPaths = (
				"$(SRCROOT)/AirMessage/JavaBridge/airmessage-server/settings.gradle",
				"$(SRCROOT)/AirMessage/JavaBridge/airmessage-server/src",
			);
			name = "Compile Java";
			outputFileListPaths = (
			);
			outputPaths = (
				"$(SRCROOT)/AirMessage/JavaBridge/airmessage-libs/airmessage-server.jar",
			);
			runOnlyForDeploymentPostprocessing = 0;
			shellPath = /bin/sh;
			shellScript = "if [[ \"$ARCHS\" == *\"x86_64\"* ]]\nthen\nexport JAVA_HOME=\"$JAVA_HOME_INTEL\"\nelif [[ \"$ARCHS\" == *\"arm64\"* ]]\nthen\nexport JAVA_HOME=\"$JAVA_HOME_ARM\"\nfi\n\necho \"Generating JVM with JAVA_HOME=$JAVA_HOME\"\n\npushd AirMessage/JavaBridge/airmessage-server\n./gradlew shadowJar\npopd\n\n#rsync -a --delete AirMessage/JavaBridge/airmessage-server/build/libs/ AirMessage/JavaBridge/airmessage-libs/\n\nJARFILE=$SRCROOT/$(find AirMessage/JavaBridge/airmessage-server/build/libs/ -name \"*.jar\" | head -n 1)\n\nrm -r AirMessage/JavaBridge/airmessage-libs\nmkdir -p AirMessage/JavaBridge/airmessage-libs/unpack\npushd AirMessage/JavaBridge/airmessage-libs/unpack\n\njar xf \"$JARFILE\" #Unpack\nfind -E . -regex \".*\\.(dylib|jnilib)\" | xargs codesign --force --verbose --sign \"$EXPANDED_CODE_SIGN_IDENTITY_NAME\" #Codesign dynamic libraries\njar cmf META-INF/MANIFEST.MF \"../airmessage-server.jar\" ./* #Repack JAR\n\npopd\nrm -r AirMessage/JavaBridge/airmessage-libs/unpack #Clean up\n";
		};
		ED1E5695269B99F70019CCD5 /* Generate JVM */ = {
			isa = PBXShellScriptBuildPhase;
			buildActionMask = 2147483647;
			files = (
			);
			inputFileListPaths = (
			);
			inputPaths = (
			);
			name = "Generate JVM";
			outputFileListPaths = (
			);
			outputPaths = (
				"$(SRCROOT)/AirMessage/JavaBridge/java-runtime",
			);
			runOnlyForDeploymentPostprocessing = 0;
			shellPath = /bin/sh;
			shellScript = "if [[ \"$ARCHS\" == *\"x86_64\"* ]]\nthen\nexport JAVA_HOME=\"$JAVA_HOME_INTEL\"\nelif [[ \"$ARCHS\" == *\"arm64\"* ]]\nthen\nexport JAVA_HOME=\"$JAVA_HOME_ARM\"\nfi\n\necho \"Compiling Java with JAVA_HOME=$JAVA_HOME\"\njava -version\n\ncd AirMessage/JavaBridge\nJDEPS=java.base,java.compiler,java.datatransfer,java.desktop,java.logging,java.sql,java.xml\n\nrm -rf \"java-runtime\" \njlink --no-header-files --no-man-pages --strip-debug --compress=2 --add-modules=\"$JDEPS\" --output \"java-runtime\"\n\nfor f in $(find . -type f \\( -name \"*.dylib\" -o -perm +111 \\))\ndo\n\tcodesign --force --verbose --sign \"$EXPANDED_CODE_SIGN_IDENTITY_NAME\" $f\ndone\n";
		};
		ED67A8972688D62C00DB7B95 /* Compile Webpack */ = {
			isa = PBXShellScriptBuildPhase;
			buildActionMask = 2147483647;
			files = (
			);
			inputFileListPaths = (
			);
			inputPaths = (
				"$(SRCROOT)/AirMessage/AuthSite/package.json",
				"$(SRCROOT)/AirMessage/AuthSite/package-lock.json",
				"$(SRCROOT)/AirMessage/AuthSite/secrets.js",
				"$(SRCROOT)/AirMessage/AuthSite/webpack.config.js",
				"$(SRCROOT)/AirMessage/AuthSite/index.js",
				"$(SRCROOT)/AirMessage/AuthSite/index.css",
				"$(SRCROOT)/AirMessage/AuthSite/index.html",
				"$(SRCROOT)/AirMessage/AuthSite/banner.png",
			);
			name = "Compile Webpack";
			outputFileListPaths = (
			);
			outputPaths = (
				"$(SRCROOT)/AirMessage/Authentication/connectsite/build",
			);
			runOnlyForDeploymentPostprocessing = 0;
			shellPath = /bin/sh;
			shellScript = "export PATH=\"$PATH:/opt/homebrew/bin\"\n\nif ! which npm > /dev/null; then\n  echo \"error: npm is not installed\"\n  exit 1\nfi\n\ncd AirMessage/AuthSite\nnpm install\nnpm run build\n";
		};
/* End PBXShellScriptBuildPhase section */

/* Begin PBXSourcesBuildPhase section */
		ED28094D25A20332009E7636 /* Sources */ = {
			isa = PBXSourcesBuildPhase;
			buildActionMask = 2147483647;
			files = (
				ED891A4825A30BC6002230EB /* PasswordGrade.swift in Sources */,
				ED267859269132ED001EFCB7 /* JVM.m in Sources */,
				ED44738B26A46B68006F5F0E /* DispatchHelper.swift in Sources */,
				ED86F6DD26A23A9D00BCD826 /* SystemHelper.swift in Sources */,
				ED28095725A20332009E7636 /* OnboardingViewController.swift in Sources */,
				EDE4F2B026B6C1590017D684 /* ClientRegistration.swift in Sources */,
				ED44738726A387DD006F5F0E /* KeychainManager.swift in Sources */,
				EDE4F2AC26B5C3D50017D684 /* ClientListViewController.swift in Sources */,
				EDADEB1926A0E3D9001DA84A /* StorageManager.swift in Sources */,
				EDD5E49D269F9957005EB8EE /* NotificationNames.swift in Sources */,
				EDD70D6A2699F1BC00E8DC06 /* AppleScriptBridge.swift in Sources */,
				ED1E5687269B14290019CCD5 /* FullDiskAccessViewController.swift in Sources */,
				ED440E0D269FAC6E00BFBEE5 /* ServerStateRecovery.swift in Sources */,
				ED1E5689269B1C7B0019CCD5 /* AutomationAccessViewController.swift in Sources */,
				ED44738926A459CA006F5F0E /* FirebaseAuthHelper.swift in Sources */,
				ED891A3225A2FF08002230EB /* PasswordEntryViewController.swift in Sources */,
				ED28095525A20332009E7636 /* AppDelegate.swift in Sources */,
				EDD1514925A3232B00117C0D /* AccountConnectViewController.swift in Sources */,
				2EAEE219E5D7D101E272E53A /* PreferencesManager.swift in Sources */,
				ED15912526AC76C2008F5304 /* MessageManager.swift in Sources */,
				EDE4F2AE26B6B4E90017D684 /* ClientTableCellView.swift in Sources */,
				EDD70D6C2699F56E00E8DC06 /* ServerLaunch.swift in Sources */,
				ED42B4BF26AC921D00409B24 /* JVMHelper.m in Sources */,
				ED1B06542690EBE9006D34DF /* PreferencesViewController.swift in Sources */,
				2EAEE232C464EF7328584EA2 /* AccountType.swift in Sources */,
				2EAEE9735E50EBB20C7CB5F7 /* JNIPreferences.m in Sources */,
				ED1E5684269A50360019CCD5 /* DraggableAppView.swift in Sources */,
				2EAEE523C0FEEE575C1182E2 /* JNIStorage.m in Sources */,
				EDC2430526ACD235006444FF /* JNILogging.m in Sources */,
				EDC02BFA2697CA8D003FA87E /* JNIControl.m in Sources */,
				ED42B4BD26AC7C9800409B24 /* JNIMessage.m in Sources */,
				ED15912326AC5484008F5304 /* LogManager.swift in Sources */,
				2EAEE84D6A21D1570484C26A /* ServerState.swift in Sources */,
				2EAEEC031BCB343B9FE97C4C /* JNIUserInterface.m in Sources */,
				2EAEEADDBFC2E5105676FC59 /* UpdateHelper.swift in Sources */,
				2EAEE138CCE02FC00483B2E7 /* UpdateStruct.swift in Sources */,
				2EAEE16123FD5FC556CD1DFC /* SoftwareUpdateViewController.swift in Sources */,
				2EAEEF53337EE0F4840300E2 /* SoftwareUpdateProgressViewController.swift in Sources */,
				2EAEED0E7DB2A749AD885B21 /* JNIEnvironment.m in Sources */,
				2EAEE5D81D6451CA6DCA3361 /* JNIUpdate.m in Sources */,
				2EAEE55F794F5BA615333AEF /* UpdateErrorCode.swift in Sources */,
				2EAEEE9E15E91097BC939BF0 /* DatabaseManager.swift in Sources */,
				2EAEECB041864D4AB6212611 /* DatabaseTimeConverter.swift in Sources */,
				2EAEEEF57714B69D56E8415A /* DatabaseConverter.swift in Sources */,
				2EAEE857EA06ACA138B985C2 /* MessageTypes.swift in Sources */,
				2EAEE6E8BF8CBE545789C1EF /* CryptoHelper.swift in Sources */,
				2EAEE113FF8D1F0CF91485F1 /* CompressionHelper.swift in Sources */,
				2EAEEA2DB0FC6E785D07FD92 /* ZLIBInterop.c in Sources */,
			);
			runOnlyForDeploymentPostprocessing = 0;
		};
/* End PBXSourcesBuildPhase section */

/* Begin PBXVariantGroup section */
		ED28095A25A20333009E7636 /* Main.storyboard */ = {
			isa = PBXVariantGroup;
			children = (
				ED28095B25A20333009E7636 /* Base */,
				ED891A4025A3089D002230EB /* fr */,
				ED891A4225A308C6002230EB /* ja */,
			);
			name = Main.storyboard;
			sourceTree = "<group>";
		};
		ED440E10269FB51F00BFBEE5 /* Localizable.stringsdict */ = {
			isa = PBXVariantGroup;
			children = (
				ED440E0F269FB51F00BFBEE5 /* en */,
			);
			name = Localizable.stringsdict;
			sourceTree = "<group>";
		};
		ED891A3A25A30701002230EB /* Localizable.strings */ = {
			isa = PBXVariantGroup;
			children = (
				ED891A3925A30701002230EB /* en */,
				ED891A3C25A30749002230EB /* fr */,
				ED891A3E25A30754002230EB /* ja */,
			);
			name = Localizable.strings;
			sourceTree = "<group>";
		};
/* End PBXVariantGroup section */

/* Begin XCBuildConfiguration section */
		ED28095F25A20333009E7636 /* Debug */ = {
			isa = XCBuildConfiguration;
			buildSettings = {
				ALWAYS_SEARCH_USER_PATHS = NO;
				CLANG_ANALYZER_LOCALIZABILITY_NONLOCALIZED = YES;
				CLANG_ANALYZER_NONNULL = YES;
				CLANG_ANALYZER_NUMBER_OBJECT_CONVERSION = YES_AGGRESSIVE;
				CLANG_CXX_LANGUAGE_STANDARD = "gnu++14";
				CLANG_CXX_LIBRARY = "libc++";
				CLANG_ENABLE_MODULES = YES;
				CLANG_ENABLE_OBJC_ARC = YES;
				CLANG_ENABLE_OBJC_WEAK = YES;
				CLANG_WARN_BLOCK_CAPTURE_AUTORELEASING = YES;
				CLANG_WARN_BOOL_CONVERSION = YES;
				CLANG_WARN_COMMA = YES;
				CLANG_WARN_CONSTANT_CONVERSION = YES;
				CLANG_WARN_DEPRECATED_OBJC_IMPLEMENTATIONS = YES;
				CLANG_WARN_DIRECT_OBJC_ISA_USAGE = YES_ERROR;
				CLANG_WARN_DOCUMENTATION_COMMENTS = YES;
				CLANG_WARN_EMPTY_BODY = YES;
				CLANG_WARN_ENUM_CONVERSION = YES;
				CLANG_WARN_INFINITE_RECURSION = YES;
				CLANG_WARN_INT_CONVERSION = YES;
				CLANG_WARN_NON_LITERAL_NULL_CONVERSION = YES;
				CLANG_WARN_OBJC_IMPLICIT_RETAIN_SELF = YES;
				CLANG_WARN_OBJC_LITERAL_CONVERSION = YES;
				CLANG_WARN_OBJC_ROOT_CLASS = YES_ERROR;
				CLANG_WARN_QUOTED_INCLUDE_IN_FRAMEWORK_HEADER = YES;
				CLANG_WARN_RANGE_LOOP_ANALYSIS = YES;
				CLANG_WARN_STRICT_PROTOTYPES = YES;
				CLANG_WARN_SUSPICIOUS_MOVE = YES;
				CLANG_WARN_UNGUARDED_AVAILABILITY = YES_AGGRESSIVE;
				CLANG_WARN_UNREACHABLE_CODE = YES;
				CLANG_WARN__DUPLICATE_METHOD_MATCH = YES;
				COPY_PHASE_STRIP = NO;
				DEBUG_INFORMATION_FORMAT = dwarf;
				ENABLE_STRICT_OBJC_MSGSEND = YES;
				ENABLE_TESTABILITY = YES;
				GCC_C_LANGUAGE_STANDARD = gnu11;
				GCC_DYNAMIC_NO_PIC = NO;
				GCC_NO_COMMON_BLOCKS = YES;
				GCC_OPTIMIZATION_LEVEL = 0;
				GCC_PREPROCESSOR_DEFINITIONS = (
					"DEBUG=1",
					"$(inherited)",
				);
				GCC_WARN_64_TO_32_BIT_CONVERSION = YES;
				GCC_WARN_ABOUT_RETURN_TYPE = YES_ERROR;
				GCC_WARN_UNDECLARED_SELECTOR = YES;
				GCC_WARN_UNINITIALIZED_AUTOS = YES_AGGRESSIVE;
				GCC_WARN_UNUSED_FUNCTION = YES;
				GCC_WARN_UNUSED_VARIABLE = YES;
				MACOSX_DEPLOYMENT_TARGET = 10.10;
				MTL_ENABLE_DEBUG_INFO = INCLUDE_SOURCE;
				MTL_FAST_MATH = YES;
				ONLY_ACTIVE_ARCH = YES;
				SDKROOT = macosx;
				SWIFT_ACTIVE_COMPILATION_CONDITIONS = DEBUG;
				SWIFT_OPTIMIZATION_LEVEL = "-Onone";
			};
			name = Debug;
		};
		ED28096025A20333009E7636 /* Release */ = {
			isa = XCBuildConfiguration;
			buildSettings = {
				ALWAYS_SEARCH_USER_PATHS = NO;
				CLANG_ANALYZER_LOCALIZABILITY_NONLOCALIZED = YES;
				CLANG_ANALYZER_NONNULL = YES;
				CLANG_ANALYZER_NUMBER_OBJECT_CONVERSION = YES_AGGRESSIVE;
				CLANG_CXX_LANGUAGE_STANDARD = "gnu++14";
				CLANG_CXX_LIBRARY = "libc++";
				CLANG_ENABLE_MODULES = YES;
				CLANG_ENABLE_OBJC_ARC = YES;
				CLANG_ENABLE_OBJC_WEAK = YES;
				CLANG_WARN_BLOCK_CAPTURE_AUTORELEASING = YES;
				CLANG_WARN_BOOL_CONVERSION = YES;
				CLANG_WARN_COMMA = YES;
				CLANG_WARN_CONSTANT_CONVERSION = YES;
				CLANG_WARN_DEPRECATED_OBJC_IMPLEMENTATIONS = YES;
				CLANG_WARN_DIRECT_OBJC_ISA_USAGE = YES_ERROR;
				CLANG_WARN_DOCUMENTATION_COMMENTS = YES;
				CLANG_WARN_EMPTY_BODY = YES;
				CLANG_WARN_ENUM_CONVERSION = YES;
				CLANG_WARN_INFINITE_RECURSION = YES;
				CLANG_WARN_INT_CONVERSION = YES;
				CLANG_WARN_NON_LITERAL_NULL_CONVERSION = YES;
				CLANG_WARN_OBJC_IMPLICIT_RETAIN_SELF = YES;
				CLANG_WARN_OBJC_LITERAL_CONVERSION = YES;
				CLANG_WARN_OBJC_ROOT_CLASS = YES_ERROR;
				CLANG_WARN_QUOTED_INCLUDE_IN_FRAMEWORK_HEADER = YES;
				CLANG_WARN_RANGE_LOOP_ANALYSIS = YES;
				CLANG_WARN_STRICT_PROTOTYPES = YES;
				CLANG_WARN_SUSPICIOUS_MOVE = YES;
				CLANG_WARN_UNGUARDED_AVAILABILITY = YES_AGGRESSIVE;
				CLANG_WARN_UNREACHABLE_CODE = YES;
				CLANG_WARN__DUPLICATE_METHOD_MATCH = YES;
				COPY_PHASE_STRIP = NO;
				DEBUG_INFORMATION_FORMAT = "dwarf-with-dsym";
				ENABLE_NS_ASSERTIONS = NO;
				ENABLE_STRICT_OBJC_MSGSEND = YES;
				GCC_C_LANGUAGE_STANDARD = gnu11;
				GCC_NO_COMMON_BLOCKS = YES;
				GCC_WARN_64_TO_32_BIT_CONVERSION = YES;
				GCC_WARN_ABOUT_RETURN_TYPE = YES_ERROR;
				GCC_WARN_UNDECLARED_SELECTOR = YES;
				GCC_WARN_UNINITIALIZED_AUTOS = YES_AGGRESSIVE;
				GCC_WARN_UNUSED_FUNCTION = YES;
				GCC_WARN_UNUSED_VARIABLE = YES;
				MACOSX_DEPLOYMENT_TARGET = 10.10;
				MTL_ENABLE_DEBUG_INFO = NO;
				MTL_FAST_MATH = YES;
				SDKROOT = macosx;
				SWIFT_COMPILATION_MODE = wholemodule;
				SWIFT_OPTIMIZATION_LEVEL = "-O";
			};
			name = Release;
		};
		ED28096225A20333009E7636 /* Debug */ = {
			isa = XCBuildConfiguration;
			buildSettings = {
				ASSETCATALOG_COMPILER_APPICON_NAME = AppIcon;
				ASSETCATALOG_COMPILER_GLOBAL_ACCENT_COLOR_NAME = AccentColor;
				CLANG_ENABLE_MODULES = YES;
				CODE_SIGN_ENTITLEMENTS = AirMessage/AirMessage.entitlements;
				CODE_SIGN_IDENTITY = "Apple Development";
				CODE_SIGN_STYLE = Automatic;
				CURRENT_PROJECT_VERSION = 30;
				DEVELOPMENT_TEAM = T86T6AP696;
				ENABLE_HARDENED_RUNTIME = YES;
				HEADER_SEARCH_PATHS = (
					"$(JAVA_HOME)/include",
					"$(JAVA_HOME)/include/darwin",
				);
				INFOPLIST_FILE = AirMessage/Info.plist;
				JAVA_HOME = "";
				"JAVA_HOME[arch=arm64]" = "$(JAVA_HOME_ARM)";
				"JAVA_HOME[arch=x86_64]" = "$(JAVA_HOME_INTEL)";
				JAVA_HOME_ARM = "/Library/Java/JavaVirtualMachines/jdk-17.0.1.jdk/Contents/Home";
				JAVA_HOME_INTEL = "/Library/Java/JavaVirtualMachines/temurin-17-x64.jdk/Contents/Home";
				LD_RUNPATH_SEARCH_PATHS = (
					"$(inherited)",
					"@executable_path/../Frameworks",
					"@executable_path/../Resources/java-runtime/lib/server",
				);
				LIBRARY_SEARCH_PATHS = "$(JAVA_HOME)/lib/server";
				MACOSX_DEPLOYMENT_TARGET = 10.10;
				MARKETING_VERSION = 4.0.0;
				OTHER_LDFLAGS = "-ljvm";
				PRODUCT_BUNDLE_IDENTIFIER = me.tagavari.airmessageserver;
				PRODUCT_NAME = AirMessage;
				PROVISIONING_PROFILE_SPECIFIER = "";
				SWIFT_OBJC_BRIDGING_HEADER = "AirMessage/AirMessage-Bridging-Header.h";
				SWIFT_VERSION = 5.0;
			};
			name = Debug;
		};
		ED28096325A20333009E7636 /* Release */ = {
			isa = XCBuildConfiguration;
			buildSettings = {
				ASSETCATALOG_COMPILER_APPICON_NAME = AppIcon;
				ASSETCATALOG_COMPILER_GLOBAL_ACCENT_COLOR_NAME = AccentColor;
				CLANG_ENABLE_MODULES = YES;
				CODE_SIGN_ENTITLEMENTS = AirMessage/AirMessage.entitlements;
				CODE_SIGN_IDENTITY = "Apple Development";
				CODE_SIGN_STYLE = Automatic;
				CURRENT_PROJECT_VERSION = 30;
				DEVELOPMENT_TEAM = T86T6AP696;
				ENABLE_HARDENED_RUNTIME = YES;
				HEADER_SEARCH_PATHS = (
					"$(JAVA_HOME)/include",
					"$(JAVA_HOME)/include/darwin",
				);
				INFOPLIST_FILE = AirMessage/Info.plist;
				JAVA_HOME = "";
				"JAVA_HOME[arch=arm64]" = "$(JAVA_HOME_ARM)";
				"JAVA_HOME[arch=x86_64]" = "$(JAVA_HOME_INTEL)";
				JAVA_HOME_ARM = "/Library/Java/JavaVirtualMachines/jdk-17.0.1.jdk/Contents/Home";
				JAVA_HOME_INTEL = "/Library/Java/JavaVirtualMachines/temurin-17-x64.jdk/Contents/Home";
				LD_RUNPATH_SEARCH_PATHS = (
					"$(inherited)",
					"@executable_path/../Frameworks",
					"@executable_path/../Resources/java-runtime/lib/server",
				);
				LIBRARY_SEARCH_PATHS = "$(JAVA_HOME)/lib/server";
				MACOSX_DEPLOYMENT_TARGET = 10.10;
				MARKETING_VERSION = 4.0.0;
				ONLY_ACTIVE_ARCH = YES;
				OTHER_LDFLAGS = "-ljvm";
				PRODUCT_BUNDLE_IDENTIFIER = me.tagavari.airmessageserver;
				PRODUCT_NAME = AirMessage;
				PROVISIONING_PROFILE_SPECIFIER = "";
				SWIFT_OBJC_BRIDGING_HEADER = "AirMessage/AirMessage-Bridging-Header.h";
				SWIFT_VERSION = 5.0;
			};
			name = Release;
		};
/* End XCBuildConfiguration section */

/* Begin XCConfigurationList section */
		ED28094C25A20332009E7636 /* Build configuration list for PBXProject "AirMessage" */ = {
			isa = XCConfigurationList;
			buildConfigurations = (
				ED28095F25A20333009E7636 /* Debug */,
				ED28096025A20333009E7636 /* Release */,
			);
			defaultConfigurationIsVisible = 0;
			defaultConfigurationName = Release;
		};
		ED28096125A20333009E7636 /* Build configuration list for PBXNativeTarget "AirMessage" */ = {
			isa = XCConfigurationList;
			buildConfigurations = (
				ED28096225A20333009E7636 /* Debug */,
				ED28096325A20333009E7636 /* Release */,
			);
			defaultConfigurationIsVisible = 0;
			defaultConfigurationName = Release;
		};
/* End XCConfigurationList section */

/* Begin XCRemoteSwiftPackageReference section */
		ED98B3ED2711D8300029DD09 /* XCRemoteSwiftPackageReference "ink" */ = {
			isa = XCRemoteSwiftPackageReference;
			repositoryURL = "https://github.com/johnsundell/ink.git";
			requirement = {
				kind = upToNextMinorVersion;
				minimumVersion = 0.5.1;
			};
		};
		ED98B3F02711D84E0029DD09 /* XCRemoteSwiftPackageReference "Zip" */ = {
			isa = XCRemoteSwiftPackageReference;
			repositoryURL = "https://github.com/marmelroy/Zip.git";
			requirement = {
				kind = revision;
				revision = 059e7346082d02de16220cd79df7db18ddeba8c3;
			};
		};
		EDB04DBC273DDFDA00673AE4 /* XCRemoteSwiftPackageReference "SQLite.swift" */ = {
			isa = XCRemoteSwiftPackageReference;
			repositoryURL = "https://github.com/stephencelis/SQLite.swift.git";
			requirement = {
				kind = upToNextMajorVersion;
				minimumVersion = 0.13.0;
			};
		};
		EDDE472F2688C2890029628B /* XCRemoteSwiftPackageReference "swifter" */ = {
			isa = XCRemoteSwiftPackageReference;
			repositoryURL = "https://github.com/httpswift/swifter.git";
			requirement = {
				kind = upToNextMajorVersion;
				minimumVersion = 1.5.0;
			};
		};
/* End XCRemoteSwiftPackageReference section */

/* Begin XCSwiftPackageProductDependency section */
		ED98B3EE2711D8300029DD09 /* Ink */ = {
			isa = XCSwiftPackageProductDependency;
			package = ED98B3ED2711D8300029DD09 /* XCRemoteSwiftPackageReference "ink" */;
			productName = Ink;
		};
		ED98B3F12711D84E0029DD09 /* Zip */ = {
			isa = XCSwiftPackageProductDependency;
			package = ED98B3F02711D84E0029DD09 /* XCRemoteSwiftPackageReference "Zip" */;
			productName = Zip;
		};
		EDB04DBD273DDFDA00673AE4 /* SQLite */ = {
			isa = XCSwiftPackageProductDependency;
			package = EDB04DBC273DDFDA00673AE4 /* XCRemoteSwiftPackageReference "SQLite.swift" */;
			productName = SQLite;
		};
		EDDE47302688C2890029628B /* Swifter */ = {
			isa = XCSwiftPackageProductDependency;
			package = EDDE472F2688C2890029628B /* XCRemoteSwiftPackageReference "swifter" */;
			productName = Swifter;
		};
/* End XCSwiftPackageProductDependency section */
	};
	rootObject = ED28094925A20332009E7636 /* Project object */;
}
